
Microsoft Visual Studio Solution File, Format Version 12.00
# Visual Studio Version 17
VisualStudioVersion = 17.4.33122.133
MinimumVisualStudioVersion = 10.0.40219.1
Project("{8BC9CEB8-8B4A-11D0-8D11-00A0C91BC942}") = "Study_Store", "Study_Store.vcxproj", "{95E6A46F-AFCF-46F7-B1C5-561F3EF1CBEE}"
EndProject
Global
	GlobalSection(SolutionConfigurationPlatforms) = preSolution
		Debug|x64 = Debug|x64
		Debug|x86 = Debug|x86
		Release|x64 = Release|x64
		Release|x86 = Release|x86
	EndGlobalSection
	GlobalSection(ProjectConfigurationPlatforms) = postSolution
		{95E6A46F-AFCF-46F7-B1C5-561F3EF1CBEE}.Debug|x64.ActiveCfg = Debug|x64
		{95E6A46F-AFCF-46F7-B1C5-561F3EF1CBEE}.Debug|x64.Build.0 = Debug|x64
		{95E6A46F-AFCF-46F7-B1C5-561F3EF1CBEE}.Debug|x86.ActiveCfg = Debug|Win32
		{95E6A46F-AFCF-46F7-B1C5-561F3EF1CBEE}.Debug|x86.Build.0 = Debug|Win32
		{95E6A46F-AFCF-46F7-B1C5-561F3EF1CBEE}.Release|x64.ActiveCfg = Release|x64
		{95E6A46F-AFCF-46F7-B1C5-561F3EF1CBEE}.Release|x64.Build.0 = Release|x64
		{95E6A46F-AFCF-46F7-B1C5-561F3EF1CBEE}.Release|x86.ActiveCfg = Release|Win32
		{95E6A46F-AFCF-46F7-B1C5-561F3EF1CBEE}.Release|x86.Build.0 = Release|Win32
	EndGlobalSection
	GlobalSection(SolutionProperties) = preSolution
		HideSolutionNode = FALSE
	EndGlobalSection
	GlobalSection(ExtensibilityGlobals) = postSolution
		SolutionGuid = {AE84850C-2F71-4C68-A88D-76A98FB7BC64}
	EndGlobalSection
EndGlobal
